
Microsoft Visual Studio Solution File, Format Version 12.00
# Visual Studio Version 17
VisualStudioVersion = 17.11.35327.3
MinimumVisualStudioVersion = 10.0.40219.1
Project("{FAE04EC0-301F-11D3-BF4B-00C04F79EFBC}") = "Assignments 2.2", "Assignments 2.2.csproj", "{48B979D4-DA95-419C-8968-BE02270503F3}"
EndProject
Global
	GlobalSection(SolutionConfigurationPlatforms) = preSolution
		Debug|Any CPU = Debug|Any CPU
		Release|Any CPU = Release|Any CPU
	EndGlobalSection
	GlobalSection(ProjectConfigurationPlatforms) = postSolution
		{48B979D4-DA95-419C-8968-BE02270503F3}.Debug|Any CPU.ActiveCfg = Debug|Any CPU
		{48B979D4-DA95-419C-8968-BE02270503F3}.Debug|Any CPU.Build.0 = Debug|Any CPU
		{48B979D4-DA95-419C-8968-BE02270503F3}.Release|Any CPU.ActiveCfg = Release|Any CPU
		{48B979D4-DA95-419C-8968-BE02270503F3}.Release|Any CPU.Build.0 = Release|Any CPU
	EndGlobalSection
	GlobalSection(SolutionProperties) = preSolution
		HideSolutionNode = FALSE
	EndGlobalSection
	GlobalSection(ExtensibilityGlobals) = postSolution
		SolutionGuid = {E35154E9-25D8-437C-B2D1-64600DB947EF}
	EndGlobalSection
EndGlobal
